# This file is automatically @generated by Cargo.
# It is not intended for manual editing.
version = 3

[[package]]
name = "cartridge"
version = "0.1.0"

[[package]]
name = "cartridge-debug"
version = "0.1.0"
dependencies = [
 "cartridge",
 "constants",
]

[[package]]
name = "constants"
version = "0.1.0"
